{
  "requires": true,
  "lockfileVersion": 1,
  "dependencies": {
    "gohttp": {
      "version": "3.2.4",
      "resolved": "https://registry.npm.taobao.org/gohttp/download/gohttp-3.2.4.tgz",
      "integrity": "sha1-izrXi2CBvdqoVC04pJlrqiW4Pd4="
    },
    "titbit": {
      "version": "21.4.4",
      "resolved": "https://registry.npm.taobao.org/titbit/download/titbit-21.4.4.tgz",
      "integrity": "sha1-eSuhIyOw4GFlPv5JMbBm2zkpyE8="
    },
    "titbit-toolkit": {
      "version": "2.0.4",
      "resolved": "https://registry.npm.taobao.org/titbit-toolkit/download/titbit-toolkit-2.0.4.tgz",
      "integrity": "sha1-1R51+DPmtnXyOtkDdrZPW+3onxw="
    }
  }
}
